{
  "name": "storyteller",
  "version": "0.1.0",
  "lockfileVersion": 3,
  "requires": true,
  "packages": {
    "": {
      "name": "storyteller",
      "version": "0.1.0",
      "dependencies": {
        "@knight-lab/timelinejs": "^3.9.8"
      }
    },
    "node_modules/@knight-lab/timelinejs": {
      "version": "3.9.8",
      "resolved": "https://registry.npmjs.org/@knight-lab/timelinejs/-/timelinejs-3.9.8.tgz",
      "integrity": "sha512-r6EVg/GiDE3Enl37G3mXwqkVkP54cGv0WkF5Reu79E4dMbG/oB3IOODtewFDbheoWawZtqTieSIQwEhSS33NeA==",
      "license": "MPL-2.0",
      "dependencies": {
        "dompurify": "^3.1.7",
        "wicg-inert": "^3.1.2"
      }
    },
    "node_modules/@types/trusted-types": {
      "version": "2.0.7",
      "resolved": "https://registry.npmjs.org/@types/trusted-types/-/trusted-types-2.0.7.tgz",
      "integrity": "sha512-ScaPdn1dQczgbl0QFTeTOmVHFULt394XJgOQNoyVhZ6r2vLnMLJfBPd53SB52T/3G36VI1/g2MZaX0cwDuXsfw==",
      "license": "MIT",
      "optional": true
    },
    "node_modules/dompurify": {
      "version": "3.3.1",
      "resolved": "https://registry.npmjs.org/dompurify/-/dompurify-3.3.1.tgz",
      "integrity": "sha512-qkdCKzLNtrgPFP1Vo+98FRzJnBRGe4ffyCea9IwHB1fyxPOeNTHpLKYGd4Uk9xvNoH0ZoOjwZxNptyMwqrId1Q==",
      "license": "(MPL-2.0 OR Apache-2.0)",
      "optionalDependencies": {
        "@types/trusted-types": "^2.0.7"
      }
    },
    "node_modules/wicg-inert": {
      "version": "3.1.3",
      "resolved": "https://registry.npmjs.org/wicg-inert/-/wicg-inert-3.1.3.tgz",
      "integrity": "sha512-5L0PKK7iP+0Q/jv2ccgmkz/pfXbumZtlEyWS/xnX+L+Og3f7WjL4+iEs18k4IuldOX3PgGpza3qGndL9xUBjCQ==",
      "license": "W3C-20150513"
    }
  }
}
